
Microsoft Visual Studio Solution File, Format Version 12.00
# Visual Studio Version 17
VisualStudioVersion = 17.0.32126.317
MinimumVisualStudioVersion = 10.0.40219.1
Project("{FAE04EC0-301F-11D3-BF4B-00C04F79EFBC}") = "Firma", "Firma\Firma.csproj", "{162510BE-01F2-4BB2-83EE-84F7B6D3C0BF}"
EndProject
Global
	GlobalSection(SolutionConfigurationPlatforms) = preSolution
		Debug|Any CPU = Debug|Any CPU
		Release|Any CPU = Release|Any CPU
	EndGlobalSection
	GlobalSection(ProjectConfigurationPlatforms) = postSolution
		{162510BE-01F2-4BB2-83EE-84F7B6D3C0BF}.Debug|Any CPU.ActiveCfg = Debug|Any CPU
		{162510BE-01F2-4BB2-83EE-84F7B6D3C0BF}.Debug|Any CPU.Build.0 = Debug|Any CPU
		{162510BE-01F2-4BB2-83EE-84F7B6D3C0BF}.Release|Any CPU.ActiveCfg = Release|Any CPU
		{162510BE-01F2-4BB2-83EE-84F7B6D3C0BF}.Release|Any CPU.Build.0 = Release|Any CPU
	EndGlobalSection
	GlobalSection(SolutionProperties) = preSolution
		HideSolutionNode = FALSE
	EndGlobalSection
	GlobalSection(ExtensibilityGlobals) = postSolution
		SolutionGuid = {E6E5D91A-4BD2-4866-A47A-89657547A723}
	EndGlobalSection
EndGlobal
